
Microsoft Visual Studio Solution File, Format Version 12.00
# Visual Studio Version 17
VisualStudioVersion = 17.2.32210.308
MinimumVisualStudioVersion = 10.0.40219.1
Project("{9A19103F-16F7-4668-BE54-9A1E7A4F7556}") = "GrpcProxy", "GrpcProxy\GrpcProxy.csproj", "{502ACA2F-5C84-43EF-B947-501B2963A70E}"
EndProject
Project("{9A19103F-16F7-4668-BE54-9A1E7A4F7556}") = "Grpc.AspNetCore.Server", "..\grpc-dotnet\src\Grpc.AspNetCore.Server\Grpc.AspNetCore.Server.csproj", "{66826D10-50AE-44C0-A1F0-8FB266F169F4}"
EndProject
Project("{9A19103F-16F7-4668-BE54-9A1E7A4F7556}") = "Grpc.Net.Common", "..\grpc-dotnet\src\Grpc.Net.Common\Grpc.Net.Common.csproj", "{2846F610-1ECD-4104-BD25-4661994F02CF}"
EndProject
Project("{2150E333-8FDC-42A3-9474-1A3956D46DE8}") = "Samples", "Samples", "{4200E553-187D-4E6B-AFE9-B77140973CB7}"
EndProject
Project("{9A19103F-16F7-4668-BE54-9A1E7A4F7556}") = "ConsoleApp1", "samples\ConsoleApp1\ConsoleApp1.csproj", "{D6441C70-40BB-4091-B759-1405313EBF19}"
EndProject
Project("{9A19103F-16F7-4668-BE54-9A1E7A4F7556}") = "WebApplication1", "samples\WebApplication1\WebApplication1.csproj", "{328C8777-9312-4E20-A6F5-233C32B34BF4}"
EndProject
Project("{FAE04EC0-301F-11D3-BF4B-00C04F79EFBC}") = "GrpcProxy.Tests", "tests\GrpcProxy.Tests\GrpcProxy.Tests.csproj", "{E5B994F8-C381-4F13-B8DE-A32D0DF0BC20}"
EndProject
Global
	GlobalSection(SolutionConfigurationPlatforms) = preSolution
		Debug|Any CPU = Debug|Any CPU
		Release|Any CPU = Release|Any CPU
	EndGlobalSection
	GlobalSection(ProjectConfigurationPlatforms) = postSolution
		{502ACA2F-5C84-43EF-B947-501B2963A70E}.Debug|Any CPU.ActiveCfg = Debug|Any CPU
		{502ACA2F-5C84-43EF-B947-501B2963A70E}.Debug|Any CPU.Build.0 = Debug|Any CPU
		{502ACA2F-5C84-43EF-B947-501B2963A70E}.Release|Any CPU.ActiveCfg = Release|Any CPU
		{502ACA2F-5C84-43EF-B947-501B2963A70E}.Release|Any CPU.Build.0 = Release|Any CPU
		{66826D10-50AE-44C0-A1F0-8FB266F169F4}.Debug|Any CPU.ActiveCfg = Debug|Any CPU
		{66826D10-50AE-44C0-A1F0-8FB266F169F4}.Debug|Any CPU.Build.0 = Debug|Any CPU
		{66826D10-50AE-44C0-A1F0-8FB266F169F4}.Release|Any CPU.ActiveCfg = Release|Any CPU
		{66826D10-50AE-44C0-A1F0-8FB266F169F4}.Release|Any CPU.Build.0 = Release|Any CPU
		{2846F610-1ECD-4104-BD25-4661994F02CF}.Debug|Any CPU.ActiveCfg = Debug|Any CPU
		{2846F610-1ECD-4104-BD25-4661994F02CF}.Debug|Any CPU.Build.0 = Debug|Any CPU
		{2846F610-1ECD-4104-BD25-4661994F02CF}.Release|Any CPU.ActiveCfg = Release|Any CPU
		{2846F610-1ECD-4104-BD25-4661994F02CF}.Release|Any CPU.Build.0 = Release|Any CPU
		{D6441C70-40BB-4091-B759-1405313EBF19}.Debug|Any CPU.ActiveCfg = Debug|Any CPU
		{D6441C70-40BB-4091-B759-1405313EBF19}.Debug|Any CPU.Build.0 = Debug|Any CPU
		{D6441C70-40BB-4091-B759-1405313EBF19}.Release|Any CPU.ActiveCfg = Release|Any CPU
		{D6441C70-40BB-4091-B759-1405313EBF19}.Release|Any CPU.Build.0 = Release|Any CPU
		{328C8777-9312-4E20-A6F5-233C32B34BF4}.Debug|Any CPU.ActiveCfg = Debug|Any CPU
		{328C8777-9312-4E20-A6F5-233C32B34BF4}.Debug|Any CPU.Build.0 = Debug|Any CPU
		{328C8777-9312-4E20-A6F5-233C32B34BF4}.Release|Any CPU.ActiveCfg = Release|Any CPU
		{328C8777-9312-4E20-A6F5-233C32B34BF4}.Release|Any CPU.Build.0 = Release|Any CPU
		{E5B994F8-C381-4F13-B8DE-A32D0DF0BC20}.Debug|Any CPU.ActiveCfg = Debug|Any CPU
		{E5B994F8-C381-4F13-B8DE-A32D0DF0BC20}.Debug|Any CPU.Build.0 = Debug|Any CPU
		{E5B994F8-C381-4F13-B8DE-A32D0DF0BC20}.Release|Any CPU.ActiveCfg = Release|Any CPU
		{E5B994F8-C381-4F13-B8DE-A32D0DF0BC20}.Release|Any CPU.Build.0 = Release|Any CPU
	EndGlobalSection
	GlobalSection(SolutionProperties) = preSolution
		HideSolutionNode = FALSE
	EndGlobalSection
	GlobalSection(NestedProjects) = preSolution
		{D6441C70-40BB-4091-B759-1405313EBF19} = {4200E553-187D-4E6B-AFE9-B77140973CB7}
		{328C8777-9312-4E20-A6F5-233C32B34BF4} = {4200E553-187D-4E6B-AFE9-B77140973CB7}
	EndGlobalSection
	GlobalSection(ExtensibilityGlobals) = postSolution
		SolutionGuid = {CB27588A-1035-4B03-9970-B11B8A150AE5}
	EndGlobalSection
EndGlobal
